
Microsoft Visual Studio Solution File, Format Version 12.00
# Visual Studio Version 17
VisualStudioVersion = 17.5.33502.453
MinimumVisualStudioVersion = 10.0.40219.1
Project("{FAE04EC0-301F-11D3-BF4B-00C04F79EFBC}") = "2FA", "2FA\2FA.csproj", "{4D6541AC-2E2B-4857-8B59-C430A7D84A5A}"
EndProject
Global
	GlobalSection(SolutionConfigurationPlatforms) = preSolution
		Debug|Any CPU = Debug|Any CPU
		Release|Any CPU = Release|Any CPU
	EndGlobalSection
	GlobalSection(ProjectConfigurationPlatforms) = postSolution
		{4D6541AC-2E2B-4857-8B59-C430A7D84A5A}.Debug|Any CPU.ActiveCfg = Debug|Any CPU
		{4D6541AC-2E2B-4857-8B59-C430A7D84A5A}.Debug|Any CPU.Build.0 = Debug|Any CPU
		{4D6541AC-2E2B-4857-8B59-C430A7D84A5A}.Release|Any CPU.ActiveCfg = Release|Any CPU
		{4D6541AC-2E2B-4857-8B59-C430A7D84A5A}.Release|Any CPU.Build.0 = Release|Any CPU
	EndGlobalSection
	GlobalSection(SolutionProperties) = preSolution
		HideSolutionNode = FALSE
	EndGlobalSection
	GlobalSection(ExtensibilityGlobals) = postSolution
		SolutionGuid = {CD6FC948-EC76-4F38-AFAD-E888C9D87928}
	EndGlobalSection
EndGlobal
